// !$*UTF8*$!
{
	archiveVersion = 1;
	classes = {
	};
	objectVersion = 56;
	objects = {

/* Begin PBXBuildFile section */
		4299C4002B05B5BD00312832 /* NetworkingManager.swift in Sources */ = {isa = PBXBuildFile; fileRef = 4299C3FF2B05B5BD00312832 /* NetworkingManager.swift */; };
		42DFBA09290C418B00E961CA /* CourseNetworkingApp.swift in Sources */ = {isa = PBXBuildFile; fileRef = 42DFBA08290C418B00E961CA /* CourseNetworkingApp.swift */; };
		42DFBA0B290C418B00E961CA /* ContentView.swift in Sources */ = {isa = PBXBuildFile; fileRef = 42DFBA0A290C418B00E961CA /* ContentView.swift */; };
		42DFBA0D290C418C00E961CA /* Assets.xcassets in Resources */ = {isa = PBXBuildFile; fileRef = 42DFBA0C290C418C00E961CA /* Assets.xcassets */; };
		42DFBA10290C418C00E961CA /* Preview Assets.xcassets in Resources */ = {isa = PBXBuildFile; fileRef = 42DFBA0F290C418C00E961CA /* Preview Assets.xcassets */; };
		42DFBA19290C41D600E961CA /* Project.swift in Sources */ = {isa = PBXBuildFile; fileRef = 42DFBA18290C41D600E961CA /* Project.swift */; };
		42DFBA1B290C424A00E961CA /* ProjectViewModel.swift in Sources */ = {isa = PBXBuildFile; fileRef = 42DFBA1A290C424A00E961CA /* ProjectViewModel.swift */; };
/* End PBXBuildFile section */

/* Begin PBXFileReference section */
		4299C3FF2B05B5BD00312832 /* NetworkingManager.swift */ = {isa = PBXFileReference; lastKnownFileType = sourcecode.swift; path = NetworkingManager.swift; sourceTree = "<group>"; };
		42DFBA05290C418B00E961CA /* CourseNetworking.app */ = {isa = PBXFileReference; explicitFileType = wrapper.application; includeInIndex = 0; path = CourseNetworking.app; sourceTree = BUILT_PRODUCTS_DIR; };
		42DFBA08290C418B00E961CA /* CourseNetworkingApp.swift */ = {isa = PBXFileReference; lastKnownFileType = sourcecode.swift; path = CourseNetworkingApp.swift; sourceTree = "<group>"; };
		42DFBA0A290C418B00E961CA /* ContentView.swift */ = {isa = PBXFileReference; lastKnownFileType = sourcecode.swift; path = ContentView.swift; sourceTree = "<group>"; };
		42DFBA0C290C418C00E961CA /* Assets.xcassets */ = {isa = PBXFileReference; lastKnownFileType = folder.assetcatalog; path = Assets.xcassets; sourceTree = "<group>"; };
		42DFBA0F290C418C00E961CA /* Preview Assets.xcassets */ = {isa = PBXFileReference; lastKnownFileType = folder.assetcatalog; path = "Preview Assets.xcassets"; sourceTree = "<group>"; };
		42DFBA18290C41D600E961CA /* Project.swift */ = {isa = PBXFileReference; lastKnownFileType = sourcecode.swift; path = Project.swift; sourceTree = "<group>"; };
		42DFBA1A290C424A00E961CA /* ProjectViewModel.swift */ = {isa = PBXFileReference; lastKnownFileType = sourcecode.swift; path = ProjectViewModel.swift; sourceTree = "<group>"; };
		42DFBA1C290C587D00E961CA /* Info.plist */ = {isa = PBXFileReference; lastKnownFileType = text.plist; path = Info.plist; sourceTree = "<group>"; };
/* End PBXFileReference section */

/* Begin PBXFrameworksBuildPhase section */
		42DFBA02290C418B00E961CA /* Frameworks */ = {
			isa = PBXFrameworksBuildPhase;
			buildActionMask = 2147483647;
			files = (
			);
			runOnlyForDeploymentPostprocessing = 0;
		};
/* End PBXFrameworksBuildPhase section */

/* Begin PBXGroup section */
		4299C3FC2B05B36300312832 /* NetworkManager */ = {
			isa = PBXGroup;
			children = (
				4299C3FF2B05B5BD00312832 /* NetworkingManager.swift */,
			);
			path = NetworkManager;
			sourceTree = "<group>";
		};
		42DFB9FC290C418B00E961CA = {
			isa = PBXGroup;
			children = (
				42DFBA07290C418B00E961CA /* CourseNetworking */,
				42DFBA06290C418B00E961CA /* Products */,
			);
			sourceTree = "<group>";
		};
		42DFBA06290C418B00E961CA /* Products */ = {
			isa = PBXGroup;
			children = (
				42DFBA05290C418B00E961CA /* CourseNetworking.app */,
			);
			name = Products;
			sourceTree = "<group>";
		};
		42DFBA07290C418B00E961CA /* CourseNetworking */ = {
			isa = PBXGroup;
			children = (
				42DFBA1C290C587D00E961CA /* Info.plist */,
				4299C3FC2B05B36300312832 /* NetworkManager */,
				42DFBA17290C41C900E961CA /* Model */,
				42DFBA16290C419500E961CA /* ViewModel */,
				42DFBA08290C418B00E961CA /* CourseNetworkingApp.swift */,
				42DFBA0A290C418B00E961CA /* ContentView.swift */,
				42DFBA0C290C418C00E961CA /* Assets.xcassets */,
				42DFBA0E290C418C00E961CA /* Preview Content */,
			);
			path = CourseNetworking;
			sourceTree = "<group>";
		};
		42DFBA0E290C418C00E961CA /* Preview Content */ = {
			isa = PBXGroup;
			children = (
				42DFBA0F290C418C00E961CA /* Preview Assets.xcassets */,
			);
			path = "Preview Content";
			sourceTree = "<group>";
		};
		42DFBA16290C419500E961CA /* ViewModel */ = {
			isa = PBXGroup;
			children = (
				42DFBA1A290C424A00E961CA /* ProjectViewModel.swift */,
			);
			path = ViewModel;
			sourceTree = "<group>";
		};
		42DFBA17290C41C900E961CA /* Model */ = {
			isa = PBXGroup;
			children = (
				42DFBA18290C41D600E961CA /* Project.swift */,
			);
			path = Model;
			sourceTree = "<group>";
		};
/* End PBXGroup section */

/* Begin PBXNativeTarget section */
		42DFBA04290C418B00E961CA /* CourseNetworking */ = {
			isa = PBXNativeTarget;
			buildConfigurationList = 42DFBA13290C418C00E961CA /* Build configuration list for PBXNativeTarget "CourseNetworking" */;
			buildPhases = (
				42DFBA01290C418B00E961CA /* Sources */,
				42DFBA02290C418B00E961CA /* Frameworks */,
				42DFBA03290C418B00E961CA /* Resources */,
			);
			buildRules = (
			);
			dependencies = (
			);
			name = CourseNetworking;
			productName = CourseNetworking;
			productReference = 42DFBA05290C418B00E961CA /* CourseNetworking.app */;
			productType = "com.apple.product-type.application";
		};
/* End PBXNativeTarget section */

/* Begin PBXProject section */
		42DFB9FD290C418B00E961CA /* Project object */ = {
			isa = PBXProject;
			attributes = {
				BuildIndependentTargetsInParallel = 1;
				LastSwiftUpdateCheck = 1400;
				LastUpgradeCheck = 1400;
				TargetAttributes = {
					42DFBA04290C418B00E961CA = {
						CreatedOnToolsVersion = 14.0;
					};
				};
			};
			buildConfigurationList = 42DFBA00290C418B00E961CA /* Build configuration list for PBXProject "CourseNetworking" */;
			compatibilityVersion = "Xcode 14.0";
			developmentRegion = en;
			hasScannedForEncodings = 0;
			knownRegions = (
				en,
				Base,
			);
			mainGroup = 42DFB9FC290C418B00E961CA;
			productRefGroup = 42DFBA06290C418B00E961CA /* Products */;
			projectDirPath = "";
			projectRoot = "";
			targets = (
				42DFBA04290C418B00E961CA /* CourseNetworking */,
			);
		};
/* End PBXProject section */

/* Begin PBXResourcesBuildPhase section */
		42DFBA03290C418B00E961CA /* Resources */ = {
			isa = PBXResourcesBuildPhase;
			buildActionMask = 2147483647;
			files = (
				42DFBA10290C418C00E961CA /* Preview Assets.xcassets in Resources */,
				42DFBA0D290C418C00E961CA /* Assets.xcassets in Resources */,
			);
			runOnlyForDeploymentPostprocessing = 0;
		};
/* End PBXResourcesBuildPhase section */

/* Begin PBXSourcesBuildPhase section */
		42DFBA01290C418B00E961CA /* Sources */ = {
			isa = PBXSourcesBuildPhase;
			buildActionMask = 2147483647;
			files = (
				42DFBA19290C41D600E961CA /* Project.swift in Sources */,
				42DFBA1B290C424A00E961CA /* ProjectViewModel.swift in Sources */,
				42DFBA0B290C418B00E961CA /* ContentView.swift in Sources */,
				4299C4002B05B5BD00312832 /* NetworkingManager.swift in Sources */,
				42DFBA09290C418B00E961CA /* CourseNetworkingApp.swift in Sources */,
			);
			runOnlyForDeploymentPostprocessing = 0;
		};
/* End PBXSourcesBuildPhase section */

/* Begin XCBuildConfiguration section */
		42DFBA11290C418C00E961CA /* Debug */ = {
			isa = XCBuildConfiguration;
			buildSettings = {
				ALWAYS_SEARCH_USER_PATHS = NO;
				CLANG_ANALYZER_NONNULL = YES;
				CLANG_ANALYZER_NUMBER_OBJECT_CONVERSION = YES_AGGRESSIVE;
				CLANG_CXX_LANGUAGE_STANDARD = "gnu++20";
				CLANG_ENABLE_MODULES = YES;
				CLANG_ENABLE_OBJC_ARC = YES;
				CLANG_ENABLE_OBJC_WEAK = YES;
				CLANG_WARN_BLOCK_CAPTURE_AUTORELEASING = YES;
				CLANG_WARN_BOOL_CONVERSION = YES;
				CLANG_WARN_COMMA = YES;
				CLANG_WARN_CONSTANT_CONVERSION = YES;
				CLANG_WARN_DEPRECATED_OBJC_IMPLEMENTATIONS = YES;
				CLANG_WARN_DIRECT_OBJC_ISA_USAGE = YES_ERROR;
				CLANG_WARN_DOCUMENTATION_COMMENTS = YES;
				CLANG_WARN_EMPTY_BODY = YES;
				CLANG_WARN_ENUM_CONVERSION = YES;
				CLANG_WARN_INFINITE_RECURSION = YES;
				CLANG_WARN_INT_CONVERSION = YES;
				CLANG_WARN_NON_LITERAL_NULL_CONVERSION = YES;
				CLANG_WARN_OBJC_IMPLICIT_RETAIN_SELF = YES;
				CLANG_WARN_OBJC_LITERAL_CONVERSION = YES;
				CLANG_WARN_OBJC_ROOT_CLASS = YES_ERROR;
				CLANG_WARN_QUOTED_INCLUDE_IN_FRAMEWORK_HEADER = YES;
				CLANG_WARN_RANGE_LOOP_ANALYSIS = YES;
				CLANG_WARN_STRICT_PROTOTYPES = YES;
				CLANG_WARN_SUSPICIOUS_MOVE = YES;
				CLANG_WARN_UNGUARDED_AVAILABILITY = YES_AGGRESSIVE;
				CLANG_WARN_UNREACHABLE_CODE = YES;
				CLANG_WARN__DUPLICATE_METHOD_MATCH = YES;
				COPY_PHASE_STRIP = NO;
				DEBUG_INFORMATION_FORMAT = dwarf;
				ENABLE_STRICT_OBJC_MSGSEND = YES;
				ENABLE_TESTABILITY = YES;
				GCC_C_LANGUAGE_STANDARD = gnu11;
				GCC_DYNAMIC_NO_PIC = NO;
				GCC_NO_COMMON_BLOCKS = YES;
				GCC_OPTIMIZATION_LEVEL = 0;
				GCC_PREPROCESSOR_DEFINITIONS = (
					"DEBUG=1",
					"$(inherited)",
				);
				GCC_WARN_64_TO_32_BIT_CONVERSION = YES;
				GCC_WARN_ABOUT_RETURN_TYPE = YES_ERROR;
				GCC_WARN_UNDECLARED_SELECTOR = YES;
				GCC_WARN_UNINITIALIZED_AUTOS = YES_AGGRESSIVE;
				GCC_WARN_UNUSED_FUNCTION = YES;
				GCC_WARN_UNUSED_VARIABLE = YES;
				IPHONEOS_DEPLOYMENT_TARGET = 16.0;
				MTL_ENABLE_DEBUG_INFO = INCLUDE_SOURCE;
				MTL_FAST_MATH = YES;
				ONLY_ACTIVE_ARCH = YES;
				SDKROOT = iphoneos;
				SWIFT_ACTIVE_COMPILATION_CONDITIONS = DEBUG;
				SWIFT_OPTIMIZATION_LEVEL = "-Onone";
			};
			name = Debug;
		};
		42DFBA12290C418C00E961CA /* Release */ = {
			isa = XCBuildConfiguration;
			buildSettings = {
				ALWAYS_SEARCH_USER_PATHS = NO;
				CLANG_ANALYZER_NONNULL = YES;
				CLANG_ANALYZER_NUMBER_OBJECT_CONVERSION = YES_AGGRESSIVE;
				CLANG_CXX_LANGUAGE_STANDARD = "gnu++20";
				CLANG_ENABLE_MODULES = YES;
				CLANG_ENABLE_OBJC_ARC = YES;
				CLANG_ENABLE_OBJC_WEAK = YES;
				CLANG_WARN_BLOCK_CAPTURE_AUTORELEASING = YES;
				CLANG_WARN_BOOL_CONVERSION = YES;
				CLANG_WARN_COMMA = YES;
				CLANG_WARN_CONSTANT_CONVERSION = YES;
				CLANG_WARN_DEPRECATED_OBJC_IMPLEMENTATIONS = YES;
				CLANG_WARN_DIRECT_OBJC_ISA_USAGE = YES_ERROR;
				CLANG_WARN_DOCUMENTATION_COMMENTS = YES;
				CLANG_WARN_EMPTY_BODY = YES;
				CLANG_WARN_ENUM_CONVERSION = YES;
				CLANG_WARN_INFINITE_RECURSION = YES;
				CLANG_WARN_INT_CONVERSION = YES;
				CLANG_WARN_NON_LITERAL_NULL_CONVERSION = YES;
				CLANG_WARN_OBJC_IMPLICIT_RETAIN_SELF = YES;
				CLANG_WARN_OBJC_LITERAL_CONVERSION = YES;
				CLANG_WARN_OBJC_ROOT_CLASS = YES_ERROR;
				CLANG_WARN_QUOTED_INCLUDE_IN_FRAMEWORK_HEADER = YES;
				CLANG_WARN_RANGE_LOOP_ANALYSIS = YES;
				CLANG_WARN_STRICT_PROTOTYPES = YES;
				CLANG_WARN_SUSPICIOUS_MOVE = YES;
				CLANG_WARN_UNGUARDED_AVAILABILITY = YES_AGGRESSIVE;
				CLANG_WARN_UNREACHABLE_CODE = YES;
				CLANG_WARN__DUPLICATE_METHOD_MATCH = YES;
				COPY_PHASE_STRIP = NO;
				DEBUG_INFORMATION_FORMAT = "dwarf-with-dsym";
				ENABLE_NS_ASSERTIONS = NO;
				ENABLE_STRICT_OBJC_MSGSEND = YES;
				GCC_C_LANGUAGE_STANDARD = gnu11;
				GCC_NO_COMMON_BLOCKS = YES;
				GCC_WARN_64_TO_32_BIT_CONVERSION = YES;
				GCC_WARN_ABOUT_RETURN_TYPE = YES_ERROR;
				GCC_WARN_UNDECLARED_SELECTOR = YES;
				GCC_WARN_UNINITIALIZED_AUTOS = YES_AGGRESSIVE;
				GCC_WARN_UNUSED_FUNCTION = YES;
				GCC_WARN_UNUSED_VARIABLE = YES;
				IPHONEOS_DEPLOYMENT_TARGET = 16.0;
				MTL_ENABLE_DEBUG_INFO = NO;
				MTL_FAST_MATH = YES;
				SDKROOT = iphoneos;
				SWIFT_COMPILATION_MODE = wholemodule;
				SWIFT_OPTIMIZATION_LEVEL = "-O";
				VALIDATE_PRODUCT = YES;
			};
			name = Release;
		};
		42DFBA14290C418C00E961CA /* Debug */ = {
			isa = XCBuildConfiguration;
			buildSettings = {
				ASSETCATALOG_COMPILER_APPICON_NAME = AppIcon;
				ASSETCATALOG_COMPILER_GLOBAL_ACCENT_COLOR_NAME = AccentColor;
				CODE_SIGN_STYLE = Automatic;
				CURRENT_PROJECT_VERSION = 1;
				DEVELOPMENT_ASSET_PATHS = "\"CourseNetworking/Preview Content\"";
				DEVELOPMENT_TEAM = 99F8Z5B2S4;
				ENABLE_PREVIEWS = YES;
				GENERATE_INFOPLIST_FILE = YES;
				INFOPLIST_FILE = CourseNetworking/Info.plist;
				INFOPLIST_KEY_UIApplicationSceneManifest_Generation = YES;
				INFOPLIST_KEY_UIApplicationSupportsIndirectInputEvents = YES;
				INFOPLIST_KEY_UILaunchScreen_Generation = YES;
				INFOPLIST_KEY_UISupportedInterfaceOrientations_iPad = "UIInterfaceOrientationPortrait UIInterfaceOrientationPortraitUpsideDown UIInterfaceOrientationLandscapeLeft UIInterfaceOrientationLandscapeRight";
				INFOPLIST_KEY_UISupportedInterfaceOrientations_iPhone = "UIInterfaceOrientationPortrait UIInterfaceOrientationLandscapeLeft UIInterfaceOrientationLandscapeRight";
				LD_RUNPATH_SEARCH_PATHS = (
					"$(inherited)",
					"@executable_path/Frameworks",
				);
				MARKETING_VERSION = 1.0;
				PRODUCT_BUNDLE_IDENTIFIER = io.sareenv.CourseNetworking;
				PRODUCT_NAME = "$(TARGET_NAME)";
				SWIFT_EMIT_LOC_STRINGS = YES;
				SWIFT_VERSION = 5.0;
				TARGETED_DEVICE_FAMILY = "1,2";
			};
			name = Debug;
		};
		42DFBA15290C418C00E961CA /* Release */ = {
			isa = XCBuildConfiguration;
			buildSettings = {
				ASSETCATALOG_COMPILER_APPICON_NAME = AppIcon;
				ASSETCATALOG_COMPILER_GLOBAL_ACCENT_COLOR_NAME = AccentColor;
				CODE_SIGN_STYLE = Automatic;
				CURRENT_PROJECT_VERSION = 1;
				DEVELOPMENT_ASSET_PATHS = "\"CourseNetworking/Preview Content\"";
				DEVELOPMENT_TEAM = 99F8Z5B2S4;
				ENABLE_PREVIEWS = YES;
				GENERATE_INFOPLIST_FILE = YES;
				INFOPLIST_FILE = CourseNetworking/Info.plist;
				INFOPLIST_KEY_UIApplicationSceneManifest_Generation = YES;
				INFOPLIST_KEY_UIApplicationSupportsIndirectInputEvents = YES;
				INFOPLIST_KEY_UILaunchScreen_Generation = YES;
				INFOPLIST_KEY_UISupportedInterfaceOrientations_iPad = "UIInterfaceOrientationPortrait UIInterfaceOrientationPortraitUpsideDown UIInterfaceOrientationLandscapeLeft UIInterfaceOrientationLandscapeRight";
				INFOPLIST_KEY_UISupportedInterfaceOrientations_iPhone = "UIInterfaceOrientationPortrait UIInterfaceOrientationLandscapeLeft UIInterfaceOrientationLandscapeRight";
				LD_RUNPATH_SEARCH_PATHS = (
					"$(inherited)",
					"@executable_path/Frameworks",
				);
				MARKETING_VERSION = 1.0;
				PRODUCT_BUNDLE_IDENTIFIER = io.sareenv.CourseNetworking;
				PRODUCT_NAME = "$(TARGET_NAME)";
				SWIFT_EMIT_LOC_STRINGS = YES;
				SWIFT_VERSION = 5.0;
				TARGETED_DEVICE_FAMILY = "1,2";
			};
			name = Release;
		};
/* End XCBuildConfiguration section */

/* Begin XCConfigurationList section */
		42DFBA00290C418B00E961CA /* Build configuration list for PBXProject "CourseNetworking" */ = {
			isa = XCConfigurationList;
			buildConfigurations = (
				42DFBA11290C418C00E961CA /* Debug */,
				42DFBA12290C418C00E961CA /* Release */,
			);
			defaultConfigurationIsVisible = 0;
			defaultConfigurationName = Release;
		};
		42DFBA13290C418C00E961CA /* Build configuration list for PBXNativeTarget "CourseNetworking" */ = {
			isa = XCConfigurationList;
			buildConfigurations = (
				42DFBA14290C418C00E961CA /* Debug */,
				42DFBA15290C418C00E961CA /* Release */,
			);
			defaultConfigurationIsVisible = 0;
			defaultConfigurationName = Release;
		};
/* End XCConfigurationList section */
	};
	rootObject = 42DFB9FD290C418B00E961CA /* Project object */;
}
